// !$*UTF8*$!
{
	archiveVersion = 1;
	classes = {
	};
	objectVersion = 46;
	objects = {

/* Begin PBXBuildFile section */
		756E89531BEDD45700106DE0 /* AppDelegate.swift in Sources */ = {isa = PBXBuildFile; fileRef = 756E89521BEDD45700106DE0 /* AppDelegate.swift */; };
		756E89551BEDD45700106DE0 /* ViewController.swift in Sources */ = {isa = PBXBuildFile; fileRef = 756E89541BEDD45700106DE0 /* ViewController.swift */; };
		756E89581BEDD45700106DE0 /* Main.storyboard in Resources */ = {isa = PBXBuildFile; fileRef = 756E89561BEDD45700106DE0 /* Main.storyboard */; };
		756E895A1BEDD45700106DE0 /* Assets.xcassets in Resources */ = {isa = PBXBuildFile; fileRef = 756E89591BEDD45700106DE0 /* Assets.xcassets */; };
		756E895D1BEDD45700106DE0 /* LaunchScreen.storyboard in Resources */ = {isa = PBXBuildFile; fileRef = 756E895B1BEDD45700106DE0 /* LaunchScreen.storyboard */; };
/* End PBXBuildFile section */

/* Begin PBXFileReference section */
		756E894F1BEDD45700106DE0 /* HelloWorld.app */ = {isa = PBXFileReference; explicitFileType = wrapper.application; includeInIndex = 0; path = HelloWorld.app; sourceTree = BUILT_PRODUCTS_DIR; };
		756E89521BEDD45700106DE0 /* AppDelegate.swift */ = {isa = PBXFileReference; lastKnownFileType = sourcecode.swift; path = AppDelegate.swift; sourceTree = "<group>"; };
		756E89541BEDD45700106DE0 /* ViewController.swift */ = {isa = PBXFileReference; lastKnownFileType = sourcecode.swift; path = ViewController.swift; sourceTree = "<group>"; };
		756E89571BEDD45700106DE0 /* Base */ = {isa = PBXFileReference; lastKnownFileType = file.storyboard; name = Base; path = Base.lproj/Main.storyboard; sourceTree = "<group>"; };
		756E89591BEDD45700106DE0 /* Assets.xcassets */ = {isa = PBXFileReference; lastKnownFileType = folder.assetcatalog; path = Assets.xcassets; sourceTree = "<group>"; };
		756E895C1BEDD45700106DE0 /* Base */ = {isa = PBXFileReference; lastKnownFileType = file.storyboard; name = Base; path = Base.lproj/LaunchScreen.storyboard; sourceTree = "<group>"; };
		756E895E1BEDD45700106DE0 /* Info.plist */ = {isa = PBXFileReference; lastKnownFileType = text.plist.xml; path = Info.plist; sourceTree = "<group>"; };
/* End PBXFileReference section */

/* Begin PBXFrameworksBuildPhase section */
		756E894C1BEDD45700106DE0 /* Frameworks */ = {
			isa = PBXFrameworksBuildPhase;
			buildActionMask = 2147483647;
			files = (
			);
			runOnlyForDeploymentPostprocessing = 0;
		};
/* End PBXFrameworksBuildPhase section */

/* Begin PBXGroup section */
		756E89461BEDD45700106DE0 = {
			isa = PBXGroup;
			children = (
				756E89511BEDD45700106DE0 /* HelloWorld */,
				756E89501BEDD45700106DE0 /* Products */,
			);
			sourceTree = "<group>";
		};
		756E89501BEDD45700106DE0 /* Products */ = {
			isa = PBXGroup;
			children = (
				756E894F1BEDD45700106DE0 /* HelloWorld.app */,
			);
			name = Products;
			sourceTree = "<group>";
		};
		756E89511BEDD45700106DE0 /* HelloWorld */ = {
			isa = PBXGroup;
			children = (
				756E89521BEDD45700106DE0 /* AppDelegate.swift */,
				756E89541BEDD45700106DE0 /* ViewController.swift */,
				756E89561BEDD45700106DE0 /* Main.storyboard */,
				756E89591BEDD45700106DE0 /* Assets.xcassets */,
				756E895B1BEDD45700106DE0 /* LaunchScreen.storyboard */,
				756E895E1BEDD45700106DE0 /* Info.plist */,
			);
			path = HelloWorld;
			sourceTree = "<group>";
		};
/* End PBXGroup section */

/* Begin PBXNativeTarget section */
		756E894E1BEDD45700106DE0 /* HelloWorld */ = {
			isa = PBXNativeTarget;
			buildConfigurationList = 756E89611BEDD45700106DE0 /* Build configuration list for PBXNativeTarget "HelloWorld" */;
			buildPhases = (
				756E894B1BEDD45700106DE0 /* Sources */,
				756E894C1BEDD45700106DE0 /* Frameworks */,
				756E894D1BEDD45700106DE0 /* Resources */,
			);
			buildRules = (
			);
			dependencies = (
			);
			name = HelloWorld;
			productName = HelloWorld;
			productReference = 756E894F1BEDD45700106DE0 /* HelloWorld.app */;
			productType = "com.apple.product-type.application";
		};
/* End PBXNativeTarget section */

/* Begin PBXProject section */
		756E89471BEDD45700106DE0 /* Project object */ = {
			isa = PBXProject;
			attributes = {
				LastUpgradeCheck = 0700;
				ORGANIZATIONNAME = aeka;
				TargetAttributes = {
					756E894E1BEDD45700106DE0 = {
						CreatedOnToolsVersion = 7.0.1;
					};
				};
			};
			buildConfigurationList = 756E894A1BEDD45700106DE0 /* Build configuration list for PBXProject "HelloWorld" */;
			compatibilityVersion = "Xcode 3.2";
			developmentRegion = English;
			hasScannedForEncodings = 0;
			knownRegions = (
				en,
				Base,
			);
			mainGroup = 756E89461BEDD45700106DE0;
			productRefGroup = 756E89501BEDD45700106DE0 /* Products */;
			projectDirPath = "";
			projectRoot = "";
			targets = (
				756E894E1BEDD45700106DE0 /* HelloWorld */,
			);
		};
/* End PBXProject section */

/* Begin PBXResourcesBuildPhase section */
		756E894D1BEDD45700106DE0 /* Resources */ = {
			isa = PBXResourcesBuildPhase;
			buildActionMask = 2147483647;
			files = (
				756E895D1BEDD45700106DE0 /* LaunchScreen.storyboard in Resources */,
				756E895A1BEDD45700106DE0 /* Assets.xcassets in Resources */,
				756E89581BEDD45700106DE0 /* Main.storyboard in Resources */,
			);
			runOnlyForDeploymentPostprocessing = 0;
		};
/* End PBXResourcesBuildPhase section */

/* Begin PBXSourcesBuildPhase section */
		756E894B1BEDD45700106DE0 /* Sources */ = {
			isa = PBXSourcesBuildPhase;
			buildActionMask = 2147483647;
			files = (
				756E89551BEDD45700106DE0 /* ViewController.swift in Sources */,
				756E89531BEDD45700106DE0 /* AppDelegate.swift in Sources */,
			);
			runOnlyForDeploymentPostprocessing = 0;
		};
/* End PBXSourcesBuildPhase section */

/* Begin PBXVariantGroup section */
		756E89561BEDD45700106DE0 /* Main.storyboard */ = {
			isa = PBXVariantGroup;
			children = (
				756E89571BEDD45700106DE0 /* Base */,
			);
			name = Main.storyboard;
			sourceTree = "<group>";
		};
		756E895B1BEDD45700106DE0 /* LaunchScreen.storyboard */ = {
			isa = PBXVariantGroup;
			children = (
				756E895C1BEDD45700106DE0 /* Base */,
			);
			name = LaunchScreen.storyboard;
			sourceTree = "<group>";
		};
/* End PBXVariantGroup section */

/* Begin XCBuildConfiguration section */
		756E895F1BEDD45700106DE0 /* Debug */ = {
			isa = XCBuildConfiguration;
			buildSettings = {
				ALWAYS_SEARCH_USER_PATHS = NO;
				CLANG_CXX_LANGUAGE_STANDARD = "gnu++0x";
				CLANG_CXX_LIBRARY = "libc++";
				CLANG_ENABLE_MODULES = YES;
				CLANG_ENABLE_OBJC_ARC = YES;
				CLANG_WARN_BOOL_CONVERSION = YES;
				CLANG_WARN_CONSTANT_CONVERSION = YES;
				CLANG_WARN_DIRECT_OBJC_ISA_USAGE = YES_ERROR;
				CLANG_WARN_EMPTY_BODY = YES;
				CLANG_WARN_ENUM_CONVERSION = YES;
				CLANG_WARN_INT_CONVERSION = YES;
				CLANG_WARN_OBJC_ROOT_CLASS = YES_ERROR;
				CLANG_WARN_UNREACHABLE_CODE = YES;
				CLANG_WARN__DUPLICATE_METHOD_MATCH = YES;
				"CODE_SIGN_IDENTITY[sdk=iphoneos*]" = "iPhone Developer";
				COPY_PHASE_STRIP = NO;
				DEBUG_INFORMATION_FORMAT = dwarf;
				ENABLE_STRICT_OBJC_MSGSEND = YES;
				ENABLE_TESTABILITY = YES;
				GCC_C_LANGUAGE_STANDARD = gnu99;
				GCC_DYNAMIC_NO_PIC = NO;
				GCC_NO_COMMON_BLOCKS = YES;
				GCC_OPTIMIZATION_LEVEL = 0;
				GCC_PREPROCESSOR_DEFINITIONS = (
					"DEBUG=1",
					"$(inherited)",
				);
				GCC_WARN_64_TO_32_BIT_CONVERSION = YES;
				GCC_WARN_ABOUT_RETURN_TYPE = YES_ERROR;
				GCC_WARN_UNDECLARED_SELECTOR = YES;
				GCC_WARN_UNINITIALIZED_AUTOS = YES_AGGRESSIVE;
				GCC_WARN_UNUSED_FUNCTION = YES;
				GCC_WARN_UNUSED_VARIABLE = YES;
				IPHONEOS_DEPLOYMENT_TARGET = 9.0;
				MTL_ENABLE_DEBUG_INFO = YES;
				ONLY_ACTIVE_ARCH = YES;
				SDKROOT = iphoneos;
				SWIFT_OPTIMIZATION_LEVEL = "-Onone";
			};
			name = Debug;
		};
		756E89601BEDD45700106DE0 /* Release */ = {
			isa = XCBuildConfiguration;
			buildSettings = {
				ALWAYS_SEARCH_USER_PATHS = NO;
				CLANG_CXX_LANGUAGE_STANDARD = "gnu++0x";
				CLANG_CXX_LIBRARY = "libc++";
				CLANG_ENABLE_MODULES = YES;
				CLANG_ENABLE_OBJC_ARC = YES;
				CLANG_WARN_BOOL_CONVERSION = YES;
				CLANG_WARN_CONSTANT_CONVERSION = YES;
				CLANG_WARN_DIRECT_OBJC_ISA_USAGE = YES_ERROR;
				CLANG_WARN_EMPTY_BODY = YES;
				CLANG_WARN_ENUM_CONVERSION = YES;
				CLANG_WARN_INT_CONVERSION = YES;
				CLANG_WARN_OBJC_ROOT_CLASS = YES_ERROR;
				CLANG_WARN_UNREACHABLE_CODE = YES;
				CLANG_WARN__DUPLICATE_METHOD_MATCH = YES;
				"CODE_SIGN_IDENTITY[sdk=iphoneos*]" = "iPhone Developer";
				COPY_PHASE_STRIP = NO;
				DEBUG_INFORMATION_FORMAT = "dwarf-with-dsym";
				ENABLE_NS_ASSERTIONS = NO;
				ENABLE_STRICT_OBJC_MSGSEND = YES;
				GCC_C_LANGUAGE_STANDARD = gnu99;
				GCC_NO_COMMON_BLOCKS = YES;
				GCC_WARN_64_TO_32_BIT_CONVERSION = YES;
				GCC_WARN_ABOUT_RETURN_TYPE = YES_ERROR;
				GCC_WARN_UNDECLARED_SELECTOR = YES;
				GCC_WARN_UNINITIALIZED_AUTOS = YES_AGGRESSIVE;
				GCC_WARN_UNUSED_FUNCTION = YES;
				GCC_WARN_UNUSED_VARIABLE = YES;
				IPHONEOS_DEPLOYMENT_TARGET = 9.0;
				MTL_ENABLE_DEBUG_INFO = NO;
				SDKROOT = iphoneos;
				VALIDATE_PRODUCT = YES;
			};
			name = Release;
		};
		756E89621BEDD45700106DE0 /* Debug */ = {
			isa = XCBuildConfiguration;
			buildSettings = {
				ASSETCATALOG_COMPILER_APPICON_NAME = AppIcon;
				INFOPLIST_FILE = HelloWorld/Info.plist;
				LD_RUNPATH_SEARCH_PATHS = "$(inherited) @executable_path/Frameworks";
				PRODUCT_BUNDLE_IDENTIFIER = com.aekaapplications.HelloWorld;
				PRODUCT_NAME = "$(TARGET_NAME)";
			};
			name = Debug;
		};
		756E89631BEDD45700106DE0 /* Release */ = {
			isa = XCBuildConfiguration;
			buildSettings = {
				ASSETCATALOG_COMPILER_APPICON_NAME = AppIcon;
				INFOPLIST_FILE = HelloWorld/Info.plist;
				LD_RUNPATH_SEARCH_PATHS = "$(inherited) @executable_path/Frameworks";
				PRODUCT_BUNDLE_IDENTIFIER = com.aekaapplications.HelloWorld;
				PRODUCT_NAME = "$(TARGET_NAME)";
			};
			name = Release;
		};
/* End XCBuildConfiguration section */

/* Begin XCConfigurationList section */
		756E894A1BEDD45700106DE0 /* Build configuration list for PBXProject "HelloWorld" */ = {
			isa = XCConfigurationList;
			buildConfigurations = (
				756E895F1BEDD45700106DE0 /* Debug */,
				756E89601BEDD45700106DE0 /* Release */,
			);
			defaultConfigurationIsVisible = 0;
			defaultConfigurationName = Release;
		};
		756E89611BEDD45700106DE0 /* Build configuration list for PBXNativeTarget "HelloWorld" */ = {
			isa = XCConfigurationList;
			buildConfigurations = (
				756E89621BEDD45700106DE0 /* Debug */,
				756E89631BEDD45700106DE0 /* Release */,
			);
			defaultConfigurationIsVisible = 0;
		};
/* End XCConfigurationList section */
	};
	rootObject = 756E89471BEDD45700106DE0 /* Project object */;
}
